// !$*UTF8*$!
{
	archiveVersion = 1;
	classes = {
	};
	objectVersion = 50;
	objects = {

/* Begin PBXBuildFile section */
		FB428B9E21265BDC006D8B19 /* AppDelegate.swift in Sources */ = {isa = PBXBuildFile; fileRef = FB428B9D21265BDC006D8B19 /* AppDelegate.swift */; };
		FB428BA021265BDC006D8B19 /* ViewController.swift in Sources */ = {isa = PBXBuildFile; fileRef = FB428B9F21265BDC006D8B19 /* ViewController.swift */; };
		FB428BA321265BDC006D8B19 /* Main.storyboard in Resources */ = {isa = PBXBuildFile; fileRef = FB428BA121265BDC006D8B19 /* Main.storyboard */; };
		FB428BA521265BDD006D8B19 /* Assets.xcassets in Resources */ = {isa = PBXBuildFile; fileRef = FB428BA421265BDD006D8B19 /* Assets.xcassets */; };
		FB428BA821265BDD006D8B19 /* LaunchScreen.storyboard in Resources */ = {isa = PBXBuildFile; fileRef = FB428BA621265BDD006D8B19 /* LaunchScreen.storyboard */; };
		FB428BB021266419006D8B19 /* switch.wav in Resources */ = {isa = PBXBuildFile; fileRef = FB428BAF21266419006D8B19 /* switch.wav */; };
/* End PBXBuildFile section */

/* Begin PBXFileReference section */
		FB428B9A21265BDC006D8B19 /* SelfStudy3.app */ = {isa = PBXFileReference; explicitFileType = wrapper.application; includeInIndex = 0; path = SelfStudy3.app; sourceTree = BUILT_PRODUCTS_DIR; };
		FB428B9D21265BDC006D8B19 /* AppDelegate.swift */ = {isa = PBXFileReference; lastKnownFileType = sourcecode.swift; path = AppDelegate.swift; sourceTree = "<group>"; };
		FB428B9F21265BDC006D8B19 /* ViewController.swift */ = {isa = PBXFileReference; lastKnownFileType = sourcecode.swift; path = ViewController.swift; sourceTree = "<group>"; };
		FB428BA221265BDC006D8B19 /* Base */ = {isa = PBXFileReference; lastKnownFileType = file.storyboard; name = Base; path = Base.lproj/Main.storyboard; sourceTree = "<group>"; };
		FB428BA421265BDD006D8B19 /* Assets.xcassets */ = {isa = PBXFileReference; lastKnownFileType = folder.assetcatalog; path = Assets.xcassets; sourceTree = "<group>"; };
		FB428BA721265BDD006D8B19 /* Base */ = {isa = PBXFileReference; lastKnownFileType = file.storyboard; name = Base; path = Base.lproj/LaunchScreen.storyboard; sourceTree = "<group>"; };
		FB428BA921265BDD006D8B19 /* Info.plist */ = {isa = PBXFileReference; lastKnownFileType = text.plist.xml; path = Info.plist; sourceTree = "<group>"; };
		FB428BAF21266419006D8B19 /* switch.wav */ = {isa = PBXFileReference; lastKnownFileType = audio.wav; path = switch.wav; sourceTree = "<group>"; };
/* End PBXFileReference section */

/* Begin PBXFrameworksBuildPhase section */
		FB428B9721265BDC006D8B19 /* Frameworks */ = {
			isa = PBXFrameworksBuildPhase;
			buildActionMask = 2147483647;
			files = (
			);
			runOnlyForDeploymentPostprocessing = 0;
		};
/* End PBXFrameworksBuildPhase section */

/* Begin PBXGroup section */
		FB428B9121265BDC006D8B19 = {
			isa = PBXGroup;
			children = (
				FB428B9C21265BDC006D8B19 /* SelfStudy3 */,
				FB428B9B21265BDC006D8B19 /* Products */,
			);
			sourceTree = "<group>";
		};
		FB428B9B21265BDC006D8B19 /* Products */ = {
			isa = PBXGroup;
			children = (
				FB428B9A21265BDC006D8B19 /* SelfStudy3.app */,
			);
			name = Products;
			sourceTree = "<group>";
		};
		FB428B9C21265BDC006D8B19 /* SelfStudy3 */ = {
			isa = PBXGroup;
			children = (
				FB428B9D21265BDC006D8B19 /* AppDelegate.swift */,
				FB428B9F21265BDC006D8B19 /* ViewController.swift */,
				FB428BA121265BDC006D8B19 /* Main.storyboard */,
				FB428BA421265BDD006D8B19 /* Assets.xcassets */,
				FB428BA621265BDD006D8B19 /* LaunchScreen.storyboard */,
				FB428BA921265BDD006D8B19 /* Info.plist */,
				FB428BAF21266419006D8B19 /* switch.wav */,
			);
			path = SelfStudy3;
			sourceTree = "<group>";
		};
/* End PBXGroup section */

/* Begin PBXNativeTarget section */
		FB428B9921265BDC006D8B19 /* SelfStudy3 */ = {
			isa = PBXNativeTarget;
			buildConfigurationList = FB428BAC21265BDD006D8B19 /* Build configuration list for PBXNativeTarget "SelfStudy3" */;
			buildPhases = (
				FB428B9621265BDC006D8B19 /* Sources */,
				FB428B9721265BDC006D8B19 /* Frameworks */,
				FB428B9821265BDC006D8B19 /* Resources */,
			);
			buildRules = (
			);
			dependencies = (
			);
			name = SelfStudy3;
			productName = SelfStudy3;
			productReference = FB428B9A21265BDC006D8B19 /* SelfStudy3.app */;
			productType = "com.apple.product-type.application";
		};
/* End PBXNativeTarget section */

/* Begin PBXProject section */
		FB428B9221265BDC006D8B19 /* Project object */ = {
			isa = PBXProject;
			attributes = {
				LastSwiftUpdateCheck = 0940;
				LastUpgradeCheck = 0940;
				ORGANIZATIONNAME = cirale;
				TargetAttributes = {
					FB428B9921265BDC006D8B19 = {
						CreatedOnToolsVersion = 9.4.1;
					};
				};
			};
			buildConfigurationList = FB428B9521265BDC006D8B19 /* Build configuration list for PBXProject "SelfStudy3" */;
			compatibilityVersion = "Xcode 9.3";
			developmentRegion = en;
			hasScannedForEncodings = 0;
			knownRegions = (
				en,
				Base,
			);
			mainGroup = FB428B9121265BDC006D8B19;
			productRefGroup = FB428B9B21265BDC006D8B19 /* Products */;
			projectDirPath = "";
			projectRoot = "";
			targets = (
				FB428B9921265BDC006D8B19 /* SelfStudy3 */,
			);
		};
/* End PBXProject section */

/* Begin PBXResourcesBuildPhase section */
		FB428B9821265BDC006D8B19 /* Resources */ = {
			isa = PBXResourcesBuildPhase;
			buildActionMask = 2147483647;
			files = (
				FB428BB021266419006D8B19 /* switch.wav in Resources */,
				FB428BA821265BDD006D8B19 /* LaunchScreen.storyboard in Resources */,
				FB428BA521265BDD006D8B19 /* Assets.xcassets in Resources */,
				FB428BA321265BDC006D8B19 /* Main.storyboard in Resources */,
			);
			runOnlyForDeploymentPostprocessing = 0;
		};
/* End PBXResourcesBuildPhase section */

/* Begin PBXSourcesBuildPhase section */
		FB428B9621265BDC006D8B19 /* Sources */ = {
			isa = PBXSourcesBuildPhase;
			buildActionMask = 2147483647;
			files = (
				FB428BA021265BDC006D8B19 /* ViewController.swift in Sources */,
				FB428B9E21265BDC006D8B19 /* AppDelegate.swift in Sources */,
			);
			runOnlyForDeploymentPostprocessing = 0;
		};
/* End PBXSourcesBuildPhase section */

/* Begin PBXVariantGroup section */
		FB428BA121265BDC006D8B19 /* Main.storyboard */ = {
			isa = PBXVariantGroup;
			children = (
				FB428BA221265BDC006D8B19 /* Base */,
			);
			name = Main.storyboard;
			sourceTree = "<group>";
		};
		FB428BA621265BDD006D8B19 /* LaunchScreen.storyboard */ = {
			isa = PBXVariantGroup;
			children = (
				FB428BA721265BDD006D8B19 /* Base */,
			);
			name = LaunchScreen.storyboard;
			sourceTree = "<group>";
		};
/* End PBXVariantGroup section */

/* Begin XCBuildConfiguration section */
		FB428BAA21265BDD006D8B19 /* Debug */ = {
			isa = XCBuildConfiguration;
			buildSettings = {
				ALWAYS_SEARCH_USER_PATHS = NO;
				CLANG_ANALYZER_NONNULL = YES;
				CLANG_ANALYZER_NUMBER_OBJECT_CONVERSION = YES_AGGRESSIVE;
				CLANG_CXX_LANGUAGE_STANDARD = "gnu++14";
				CLANG_CXX_LIBRARY = "libc++";
				CLANG_ENABLE_MODULES = YES;
				CLANG_ENABLE_OBJC_ARC = YES;
				CLANG_ENABLE_OBJC_WEAK = YES;
				CLANG_WARN_BLOCK_CAPTURE_AUTORELEASING = YES;
				CLANG_WARN_BOOL_CONVERSION = YES;
				CLANG_WARN_COMMA = YES;
				CLANG_WARN_CONSTANT_CONVERSION = YES;
				CLANG_WARN_DEPRECATED_OBJC_IMPLEMENTATIONS = YES;
				CLANG_WARN_DIRECT_OBJC_ISA_USAGE = YES_ERROR;
				CLANG_WARN_DOCUMENTATION_COMMENTS = YES;
				CLANG_WARN_EMPTY_BODY = YES;
				CLANG_WARN_ENUM_CONVERSION = YES;
				CLANG_WARN_INFINITE_RECURSION = YES;
				CLANG_WARN_INT_CONVERSION = YES;
				CLANG_WARN_NON_LITERAL_NULL_CONVERSION = YES;
				CLANG_WARN_OBJC_IMPLICIT_RETAIN_SELF = YES;
				CLANG_WARN_OBJC_LITERAL_CONVERSION = YES;
				CLANG_WARN_OBJC_ROOT_CLASS = YES_ERROR;
				CLANG_WARN_RANGE_LOOP_ANALYSIS = YES;
				CLANG_WARN_STRICT_PROTOTYPES = YES;
				CLANG_WARN_SUSPICIOUS_MOVE = YES;
				CLANG_WARN_UNGUARDED_AVAILABILITY = YES_AGGRESSIVE;
				CLANG_WARN_UNREACHABLE_CODE = YES;
				CLANG_WARN__DUPLICATE_METHOD_MATCH = YES;
				CODE_SIGN_IDENTITY = "iPhone Developer";
				COPY_PHASE_STRIP = NO;
				DEBUG_INFORMATION_FORMAT = dwarf;
				ENABLE_STRICT_OBJC_MSGSEND = YES;
				ENABLE_TESTABILITY = YES;
				GCC_C_LANGUAGE_STANDARD = gnu11;
				GCC_DYNAMIC_NO_PIC = NO;
				GCC_NO_COMMON_BLOCKS = YES;
				GCC_OPTIMIZATION_LEVEL = 0;
				GCC_PREPROCESSOR_DEFINITIONS = (
					"DEBUG=1",
					"$(inherited)",
				);
				GCC_WARN_64_TO_32_BIT_CONVERSION = YES;
				GCC_WARN_ABOUT_RETURN_TYPE = YES_ERROR;
				GCC_WARN_UNDECLARED_SELECTOR = YES;
				GCC_WARN_UNINITIALIZED_AUTOS = YES_AGGRESSIVE;
				GCC_WARN_UNUSED_FUNCTION = YES;
				GCC_WARN_UNUSED_VARIABLE = YES;
				IPHONEOS_DEPLOYMENT_TARGET = 11.4;
				MTL_ENABLE_DEBUG_INFO = YES;
				ONLY_ACTIVE_ARCH = YES;
				SDKROOT = iphoneos;
				SWIFT_ACTIVE_COMPILATION_CONDITIONS = DEBUG;
				SWIFT_OPTIMIZATION_LEVEL = "-Onone";
			};
			name = Debug;
		};
		FB428BAB21265BDD006D8B19 /* Release */ = {
			isa = XCBuildConfiguration;
			buildSettings = {
				ALWAYS_SEARCH_USER_PATHS = NO;
				CLANG_ANALYZER_NONNULL = YES;
				CLANG_ANALYZER_NUMBER_OBJECT_CONVERSION = YES_AGGRESSIVE;
				CLANG_CXX_LANGUAGE_STANDARD = "gnu++14";
				CLANG_CXX_LIBRARY = "libc++";
				CLANG_ENABLE_MODULES = YES;
				CLANG_ENABLE_OBJC_ARC = YES;
				CLANG_ENABLE_OBJC_WEAK = YES;
				CLANG_WARN_BLOCK_CAPTURE_AUTORELEASING = YES;
				CLANG_WARN_BOOL_CONVERSION = YES;
				CLANG_WARN_COMMA = YES;
				CLANG_WARN_CONSTANT_CONVERSION = YES;
				CLANG_WARN_DEPRECATED_OBJC_IMPLEMENTATIONS = YES;
				CLANG_WARN_DIRECT_OBJC_ISA_USAGE = YES_ERROR;
				CLANG_WARN_DOCUMENTATION_COMMENTS = YES;
				CLANG_WARN_EMPTY_BODY = YES;
				CLANG_WARN_ENUM_CONVERSION = YES;
				CLANG_WARN_INFINITE_RECURSION = YES;
				CLANG_WARN_INT_CONVERSION = YES;
				CLANG_WARN_NON_LITERAL_NULL_CONVERSION = YES;
				CLANG_WARN_OBJC_IMPLICIT_RETAIN_SELF = YES;
				CLANG_WARN_OBJC_LITERAL_CONVERSION = YES;
				CLANG_WARN_OBJC_ROOT_CLASS = YES_ERROR;
				CLANG_WARN_RANGE_LOOP_ANALYSIS = YES;
				CLANG_WARN_STRICT_PROTOTYPES = YES;
				CLANG_WARN_SUSPICIOUS_MOVE = YES;
				CLANG_WARN_UNGUARDED_AVAILABILITY = YES_AGGRESSIVE;
				CLANG_WARN_UNREACHABLE_CODE = YES;
				CLANG_WARN__DUPLICATE_METHOD_MATCH = YES;
				CODE_SIGN_IDENTITY = "iPhone Developer";
				COPY_PHASE_STRIP = NO;
				DEBUG_INFORMATION_FORMAT = "dwarf-with-dsym";
				ENABLE_NS_ASSERTIONS = NO;
				ENABLE_STRICT_OBJC_MSGSEND = YES;
				GCC_C_LANGUAGE_STANDARD = gnu11;
				GCC_NO_COMMON_BLOCKS = YES;
				GCC_WARN_64_TO_32_BIT_CONVERSION = YES;
				GCC_WARN_ABOUT_RETURN_TYPE = YES_ERROR;
				GCC_WARN_UNDECLARED_SELECTOR = YES;
				GCC_WARN_UNINITIALIZED_AUTOS = YES_AGGRESSIVE;
				GCC_WARN_UNUSED_FUNCTION = YES;
				GCC_WARN_UNUSED_VARIABLE = YES;
				IPHONEOS_DEPLOYMENT_TARGET = 11.4;
				MTL_ENABLE_DEBUG_INFO = NO;
				SDKROOT = iphoneos;
				SWIFT_COMPILATION_MODE = wholemodule;
				SWIFT_OPTIMIZATION_LEVEL = "-O";
				VALIDATE_PRODUCT = YES;
			};
			name = Release;
		};
		FB428BAD21265BDD006D8B19 /* Debug */ = {
			isa = XCBuildConfiguration;
			buildSettings = {
				ASSETCATALOG_COMPILER_APPICON_NAME = AppIcon;
				CODE_SIGN_STYLE = Automatic;
				DEVELOPMENT_TEAM = RVN7U9424Z;
				INFOPLIST_FILE = SelfStudy3/Info.plist;
				LD_RUNPATH_SEARCH_PATHS = (
					"$(inherited)",
					"@executable_path/Frameworks",
				);
				PRODUCT_BUNDLE_IDENTIFIER = com.cirale.SelfStudy3;
				PRODUCT_NAME = "$(TARGET_NAME)";
				SWIFT_VERSION = 4.0;
				TARGETED_DEVICE_FAMILY = "1,2";
			};
			name = Debug;
		};
		FB428BAE21265BDD006D8B19 /* Release */ = {
			isa = XCBuildConfiguration;
			buildSettings = {
				ASSETCATALOG_COMPILER_APPICON_NAME = AppIcon;
				CODE_SIGN_STYLE = Automatic;
				DEVELOPMENT_TEAM = RVN7U9424Z;
				INFOPLIST_FILE = SelfStudy3/Info.plist;
				LD_RUNPATH_SEARCH_PATHS = (
					"$(inherited)",
					"@executable_path/Frameworks",
				);
				PRODUCT_BUNDLE_IDENTIFIER = com.cirale.SelfStudy3;
				PRODUCT_NAME = "$(TARGET_NAME)";
				SWIFT_VERSION = 4.0;
				TARGETED_DEVICE_FAMILY = "1,2";
			};
			name = Release;
		};
/* End XCBuildConfiguration section */

/* Begin XCConfigurationList section */
		FB428B9521265BDC006D8B19 /* Build configuration list for PBXProject "SelfStudy3" */ = {
			isa = XCConfigurationList;
			buildConfigurations = (
				FB428BAA21265BDD006D8B19 /* Debug */,
				FB428BAB21265BDD006D8B19 /* Release */,
			);
			defaultConfigurationIsVisible = 0;
			defaultConfigurationName = Release;
		};
		FB428BAC21265BDD006D8B19 /* Build configuration list for PBXNativeTarget "SelfStudy3" */ = {
			isa = XCConfigurationList;
			buildConfigurations = (
				FB428BAD21265BDD006D8B19 /* Debug */,
				FB428BAE21265BDD006D8B19 /* Release */,
			);
			defaultConfigurationIsVisible = 0;
			defaultConfigurationName = Release;
		};
/* End XCConfigurationList section */
	};
	rootObject = FB428B9221265BDC006D8B19 /* Project object */;
}
